
Microsoft Visual Studio Solution File, Format Version 12.00
# Visual Studio Version 18
VisualStudioVersion = 18.5.11709.299 stable
MinimumVisualStudioVersion = 10.0.40219.1
Project("{FAE04EC0-301F-11D3-BF4B-00C04F79EFBC}") = "EverDrive64SdRepair", "EverDrive64SdRepair.csproj", "{02422E7D-1CA5-9A33-F859-B8E21B9E07F0}"
EndProject
Global
	GlobalSection(SolutionConfigurationPlatforms) = preSolution
		Debug|Any CPU = Debug|Any CPU
		Release|Any CPU = Release|Any CPU
	EndGlobalSection
	GlobalSection(ProjectConfigurationPlatforms) = postSolution
		{02422E7D-1CA5-9A33-F859-B8E21B9E07F0}.Debug|Any CPU.ActiveCfg = Debug|Any CPU
		{02422E7D-1CA5-9A33-F859-B8E21B9E07F0}.Debug|Any CPU.Build.0 = Debug|Any CPU
		{02422E7D-1CA5-9A33-F859-B8E21B9E07F0}.Release|Any CPU.ActiveCfg = Release|Any CPU
		{02422E7D-1CA5-9A33-F859-B8E21B9E07F0}.Release|Any CPU.Build.0 = Release|Any CPU
	EndGlobalSection
	GlobalSection(SolutionProperties) = preSolution
		HideSolutionNode = FALSE
	EndGlobalSection
	GlobalSection(ExtensibilityGlobals) = postSolution
		SolutionGuid = {C8F13107-A0EF-4EBC-8CC9-16222462BD0A}
	EndGlobalSection
EndGlobal
